
Microsoft Visual Studio Solution File, Format Version 12.00
# Visual Studio Version 16
VisualStudioVersion = 16.0.29728.190
MinimumVisualStudioVersion = 10.0.40219.1
Project("{FAE04EC0-301F-11D3-BF4B-00C04F79EFBC}") = "RHPA.Android", "RHPA.Android\RHPA.Android.csproj", "{4CAD5F9F-51EC-4AB7-A0A3-33EEB7E4D69A}"
EndProject
Project("{FAE04EC0-301F-11D3-BF4B-00C04F79EFBC}") = "RHPA", "RHPA\RHPA.csproj", "{EC08CB6D-7BEC-4E7D-A13D-952FA2D4DDBF}"
EndProject
Global
	GlobalSection(SolutionConfigurationPlatforms) = preSolution
		Debug|Any CPU = Debug|Any CPU
		Release|Any CPU = Release|Any CPU
	EndGlobalSection
	GlobalSection(ProjectConfigurationPlatforms) = postSolution
		{4CAD5F9F-51EC-4AB7-A0A3-33EEB7E4D69A}.Debug|Any CPU.ActiveCfg = Debug|Any CPU
		{4CAD5F9F-51EC-4AB7-A0A3-33EEB7E4D69A}.Debug|Any CPU.Build.0 = Debug|Any CPU
		{4CAD5F9F-51EC-4AB7-A0A3-33EEB7E4D69A}.Debug|Any CPU.Deploy.0 = Debug|Any CPU
		{4CAD5F9F-51EC-4AB7-A0A3-33EEB7E4D69A}.Release|Any CPU.ActiveCfg = Release|Any CPU
		{4CAD5F9F-51EC-4AB7-A0A3-33EEB7E4D69A}.Release|Any CPU.Build.0 = Release|Any CPU
		{4CAD5F9F-51EC-4AB7-A0A3-33EEB7E4D69A}.Release|Any CPU.Deploy.0 = Release|Any CPU
		{EC08CB6D-7BEC-4E7D-A13D-952FA2D4DDBF}.Debug|Any CPU.ActiveCfg = Debug|Any CPU
		{EC08CB6D-7BEC-4E7D-A13D-952FA2D4DDBF}.Debug|Any CPU.Build.0 = Debug|Any CPU
		{EC08CB6D-7BEC-4E7D-A13D-952FA2D4DDBF}.Debug|Any CPU.Deploy.0 = Debug|Any CPU
		{EC08CB6D-7BEC-4E7D-A13D-952FA2D4DDBF}.Release|Any CPU.ActiveCfg = Release|Any CPU
		{EC08CB6D-7BEC-4E7D-A13D-952FA2D4DDBF}.Release|Any CPU.Build.0 = Release|Any CPU
		{EC08CB6D-7BEC-4E7D-A13D-952FA2D4DDBF}.Release|Any CPU.Deploy.0 = Release|Any CPU
	EndGlobalSection
	GlobalSection(SolutionProperties) = preSolution
		HideSolutionNode = FALSE
	EndGlobalSection
	GlobalSection(ExtensibilityGlobals) = postSolution
		SolutionGuid = {A6B28326-D4F0-4A61-B7C2-7464BED84829}
	EndGlobalSection
EndGlobal
