
Microsoft Visual Studio Solution File, Format Version 12.00
# Visual Studio Version 16
VisualStudioVersion = 16.0.29728.190
MinimumVisualStudioVersion = 10.0.40219.1
Project("{FAE04EC0-301F-11D3-BF4B-00C04F79EFBC}") = "RHPA.Android", "RHPA.Android\RHPA.Android.csproj", "{9C891C24-775E-475D-B983-C86F6E219B43}"
EndProject
Project("{FAE04EC0-301F-11D3-BF4B-00C04F79EFBC}") = "RHPA", "RHPA\RHPA.csproj", "{D1D01344-1DB0-4081-8EFC-66695D979A0A}"
EndProject
Global
	GlobalSection(SolutionConfigurationPlatforms) = preSolution
		Debug|Any CPU = Debug|Any CPU
		Release|Any CPU = Release|Any CPU
	EndGlobalSection
	GlobalSection(ProjectConfigurationPlatforms) = postSolution
		{9C891C24-775E-475D-B983-C86F6E219B43}.Debug|Any CPU.ActiveCfg = Debug|Any CPU
		{9C891C24-775E-475D-B983-C86F6E219B43}.Debug|Any CPU.Build.0 = Debug|Any CPU
		{9C891C24-775E-475D-B983-C86F6E219B43}.Debug|Any CPU.Deploy.0 = Debug|Any CPU
		{9C891C24-775E-475D-B983-C86F6E219B43}.Release|Any CPU.ActiveCfg = Release|Any CPU
		{9C891C24-775E-475D-B983-C86F6E219B43}.Release|Any CPU.Build.0 = Release|Any CPU
		{9C891C24-775E-475D-B983-C86F6E219B43}.Release|Any CPU.Deploy.0 = Release|Any CPU
		{D1D01344-1DB0-4081-8EFC-66695D979A0A}.Debug|Any CPU.ActiveCfg = Debug|Any CPU
		{D1D01344-1DB0-4081-8EFC-66695D979A0A}.Debug|Any CPU.Build.0 = Debug|Any CPU
		{D1D01344-1DB0-4081-8EFC-66695D979A0A}.Debug|Any CPU.Deploy.0 = Debug|Any CPU
		{D1D01344-1DB0-4081-8EFC-66695D979A0A}.Release|Any CPU.ActiveCfg = Release|Any CPU
		{D1D01344-1DB0-4081-8EFC-66695D979A0A}.Release|Any CPU.Build.0 = Release|Any CPU
		{D1D01344-1DB0-4081-8EFC-66695D979A0A}.Release|Any CPU.Deploy.0 = Release|Any CPU
	EndGlobalSection
	GlobalSection(SolutionProperties) = preSolution
		HideSolutionNode = FALSE
	EndGlobalSection
	GlobalSection(ExtensibilityGlobals) = postSolution
		SolutionGuid = {CBDE0774-DCBF-4872-A7CB-B6A715E7E3DE}
	EndGlobalSection
EndGlobal
